PODS:
  - device_info_plus (0.0.1):
    - Flutter
  - Flutter (1.0.0)
  - flutter_workout_bridge (0.0.1):
    - Flutter
  - health (1.0.4):
    - Flutter
  - integration_test (0.0.1):
    - Flutter

DEPENDENCIES:
  - device_info_plus (from `.symlinks/plugins/device_info_plus/ios`)
  - Flutter (from `Flutter`)
  - flutter_workout_bridge (from `.symlinks/plugins/flutter_workout_bridge/ios`)
  - health (from `.symlinks/plugins/health/ios`)
  - integration_test (from `.symlinks/plugins/integration_test/ios`)

EXTERNAL SOURCES:
  device_info_plus:
    :path: ".symlinks/plugins/device_info_plus/ios"
  Flutter:
    :path: Flutter
  flutter_workout_bridge:
    :path: ".symlinks/plugins/flutter_workout_bridge/ios"
  health:
    :path: ".symlinks/plugins/health/ios"
  integration_test:
    :path: ".symlinks/plugins/integration_test/ios"

SPEC CHECKSUMS:
  device_info_plus: c6fb39579d0f423935b0c9ce7ee2f44b71b9fce6
  Flutter: e0871f40cf51350855a761d2e70bf5af5b9b5de7
  flutter_workout_bridge: 9fdb3be4a1aa1f045fb3e64d28cf9d8c00cfea89
  health: 5a380c0f6c4f619535845992993964293962e99e
  integration_test: 252f60fa39af5e17c3aa9899d35d908a0721b573

PODFILE CHECKSUM: 4305caec6b40dde0ae97be1573c53de1882a07e5

COCOAPODS: 1.16.2
